// !$*UTF8*$!
{
	archiveVersion = 1;
	classes = {
	};
	objectVersion = 46;
	objects = {

/* Begin PBXBuildFile section */
		48B917981FBB8BAE002CA6D9 /* R5VideoView.m in Sources */ = {isa = PBXBuildFile; fileRef = 48B917961FBB8BAE002CA6D9 /* R5VideoView.m */; };
		48B917991FBB8BAE002CA6D9 /* R5VideoViewManager.m in Sources */ = {isa = PBXBuildFile; fileRef = 48B917971FBB8BAE002CA6D9 /* R5VideoViewManager.m */; };
		48B9179B1FBB8BE2002CA6D9 /* R5VideoView.h in Headers */ = {isa = PBXBuildFile; fileRef = 48B917951FBB8BAE002CA6D9 /* R5VideoView.h */; };
		48B9179D1FBB8C55002CA6D9 /* R5VideoViewManager.h in Headers */ = {isa = PBXBuildFile; fileRef = 48B9179C1FBB8BFD002CA6D9 /* R5VideoViewManager.h */; };
/* End PBXBuildFile section */

/* Begin PBXCopyFilesBuildPhase section */
		48B917871FBB8B86002CA6D9 /* CopyFiles */ = {
			isa = PBXCopyFilesBuildPhase;
			buildActionMask = 2147483647;
			dstPath = "";
			dstSubfolderSpec = 0;
			files = (
			);
			runOnlyForDeploymentPostprocessing = 0;
		};
/* End PBXCopyFilesBuildPhase section */

/* Begin PBXFileReference section */
		48B917891FBB8B86002CA6D9 /* libRNR5VideoView.a */ = {isa = PBXFileReference; explicitFileType = archive.ar; includeInIndex = 0; path = libRNR5VideoView.a; sourceTree = BUILT_PRODUCTS_DIR; };
		48B917951FBB8BAE002CA6D9 /* R5VideoView.h */ = {isa = PBXFileReference; fileEncoding = 4; lastKnownFileType = sourcecode.c.h; path = R5VideoView.h; sourceTree = "<group>"; };
		48B917961FBB8BAE002CA6D9 /* R5VideoView.m */ = {isa = PBXFileReference; fileEncoding = 4; lastKnownFileType = sourcecode.c.objc; path = R5VideoView.m; sourceTree = "<group>"; };
		48B917971FBB8BAE002CA6D9 /* R5VideoViewManager.m */ = {isa = PBXFileReference; fileEncoding = 4; lastKnownFileType = sourcecode.c.objc; path = R5VideoViewManager.m; sourceTree = "<group>"; };
		48B9179C1FBB8BFD002CA6D9 /* R5VideoViewManager.h */ = {isa = PBXFileReference; lastKnownFileType = sourcecode.c.h; path = R5VideoViewManager.h; sourceTree = "<group>"; };
/* End PBXFileReference section */

/* Begin PBXFrameworksBuildPhase section */
		48B917861FBB8B86002CA6D9 /* Frameworks */ = {
			isa = PBXFrameworksBuildPhase;
			buildActionMask = 2147483647;
			files = (
			);
			runOnlyForDeploymentPostprocessing = 0;
		};
/* End PBXFrameworksBuildPhase section */

/* Begin PBXGroup section */
		48302EC31FBB985B00CF4938 /* Frameworks */ = {
			isa = PBXGroup;
			children = (
			);
			name = Frameworks;
			sourceTree = "<group>";
		};
		48B917801FBB8B86002CA6D9 = {
			isa = PBXGroup;
			children = (
				48B9178B1FBB8B86002CA6D9 /* RNR5VideoView */,
				48B9178A1FBB8B86002CA6D9 /* Products */,
				48302EC31FBB985B00CF4938 /* Frameworks */,
			);
			sourceTree = "<group>";
		};
		48B9178A1FBB8B86002CA6D9 /* Products */ = {
			isa = PBXGroup;
			children = (
				48B917891FBB8B86002CA6D9 /* libRNR5VideoView.a */,
			);
			name = Products;
			sourceTree = "<group>";
		};
		48B9178B1FBB8B86002CA6D9 /* RNR5VideoView */ = {
			isa = PBXGroup;
			children = (
				48B917951FBB8BAE002CA6D9 /* R5VideoView.h */,
				48B917961FBB8BAE002CA6D9 /* R5VideoView.m */,
				48B917971FBB8BAE002CA6D9 /* R5VideoViewManager.m */,
				48B9179C1FBB8BFD002CA6D9 /* R5VideoViewManager.h */,
			);
			path = RNR5VideoView;
			sourceTree = "<group>";
		};
/* End PBXGroup section */

/* Begin PBXHeadersBuildPhase section */
		48B9179A1FBB8BDC002CA6D9 /* Headers */ = {
			isa = PBXHeadersBuildPhase;
			buildActionMask = 2147483647;
			files = (
				48B9179D1FBB8C55002CA6D9 /* R5VideoViewManager.h in Headers */,
				48B9179B1FBB8BE2002CA6D9 /* R5VideoView.h in Headers */,
			);
			runOnlyForDeploymentPostprocessing = 0;
		};
/* End PBXHeadersBuildPhase section */

/* Begin PBXNativeTarget section */
		48B917881FBB8B86002CA6D9 /* RNR5VideoView */ = {
			isa = PBXNativeTarget;
			buildConfigurationList = 48B917921FBB8B86002CA6D9 /* Build configuration list for PBXNativeTarget "RNR5VideoView" */;
			buildPhases = (
				48B917851FBB8B86002CA6D9 /* Sources */,
				48B917861FBB8B86002CA6D9 /* Frameworks */,
				48B917871FBB8B86002CA6D9 /* CopyFiles */,
				48B9179A1FBB8BDC002CA6D9 /* Headers */,
			);
			buildRules = (
			);
			dependencies = (
			);
			name = RNR5VideoView;
			productName = RNR5VideoView;
			productReference = 48B917891FBB8B86002CA6D9 /* libRNR5VideoView.a */;
			productType = "com.apple.product-type.library.static";
		};
/* End PBXNativeTarget section */

/* Begin PBXProject section */
		48B917811FBB8B86002CA6D9 /* Project object */ = {
			isa = PBXProject;
			attributes = {
				LastUpgradeCheck = 0910;
				ORGANIZATIONNAME = Red5Pro;
				TargetAttributes = {
					48B917881FBB8B86002CA6D9 = {
						CreatedOnToolsVersion = 9.1;
						DevelopmentTeam = E964K44BWW;
						ProvisioningStyle = Automatic;
					};
				};
			};
			buildConfigurationList = 48B917841FBB8B86002CA6D9 /* Build configuration list for PBXProject "RNR5VideoView" */;
			compatibilityVersion = "Xcode 3.2";
			developmentRegion = en;
			hasScannedForEncodings = 0;
			knownRegions = (
				en,
			);
			mainGroup = 48B917801FBB8B86002CA6D9;
			productRefGroup = 48B9178A1FBB8B86002CA6D9 /* Products */;
			projectDirPath = "";
			projectRoot = "";
			targets = (
				48B917881FBB8B86002CA6D9 /* RNR5VideoView */,
			);
		};
/* End PBXProject section */

/* Begin PBXSourcesBuildPhase section */
		48B917851FBB8B86002CA6D9 /* Sources */ = {
			isa = PBXSourcesBuildPhase;
			buildActionMask = 2147483647;
			files = (
				48B917981FBB8BAE002CA6D9 /* R5VideoView.m in Sources */,
				48B917991FBB8BAE002CA6D9 /* R5VideoViewManager.m in Sources */,
			);
			runOnlyForDeploymentPostprocessing = 0;
		};
/* End PBXSourcesBuildPhase section */

/* Begin XCBuildConfiguration section */
		48B917901FBB8B86002CA6D9 /* Debug */ = {
			isa = XCBuildConfiguration;
			buildSettings = {
				ALWAYS_SEARCH_USER_PATHS = NO;
				CLANG_ANALYZER_NONNULL = YES;
				CLANG_ANALYZER_NUMBER_OBJECT_CONVERSION = YES_AGGRESSIVE;
				CLANG_CXX_LANGUAGE_STANDARD = "gnu++14";
				CLANG_CXX_LIBRARY = "libc++";
				CLANG_ENABLE_MODULES = YES;
				CLANG_ENABLE_OBJC_ARC = YES;
				CLANG_WARN_BLOCK_CAPTURE_AUTORELEASING = YES;
				CLANG_WARN_BOOL_CONVERSION = YES;
				CLANG_WARN_COMMA = YES;
				CLANG_WARN_CONSTANT_CONVERSION = YES;
				CLANG_WARN_DIRECT_OBJC_ISA_USAGE = YES_ERROR;
				CLANG_WARN_DOCUMENTATION_COMMENTS = YES;
				CLANG_WARN_EMPTY_BODY = YES;
				CLANG_WARN_ENUM_CONVERSION = YES;
				CLANG_WARN_INFINITE_RECURSION = YES;
				CLANG_WARN_INT_CONVERSION = YES;
				CLANG_WARN_NON_LITERAL_NULL_CONVERSION = YES;
				CLANG_WARN_OBJC_LITERAL_CONVERSION = YES;
				CLANG_WARN_OBJC_ROOT_CLASS = YES_ERROR;
				CLANG_WARN_RANGE_LOOP_ANALYSIS = YES;
				CLANG_WARN_STRICT_PROTOTYPES = YES;
				CLANG_WARN_SUSPICIOUS_MOVE = YES;
				CLANG_WARN_UNGUARDED_AVAILABILITY = YES_AGGRESSIVE;
				CLANG_WARN_UNREACHABLE_CODE = YES;
				CLANG_WARN__DUPLICATE_METHOD_MATCH = YES;
				CODE_SIGN_IDENTITY = "iPhone Developer";
				COPY_PHASE_STRIP = NO;
				DEBUG_INFORMATION_FORMAT = dwarf;
				ENABLE_STRICT_OBJC_MSGSEND = YES;
				ENABLE_TESTABILITY = YES;
				GCC_C_LANGUAGE_STANDARD = gnu11;
				GCC_DYNAMIC_NO_PIC = NO;
				GCC_NO_COMMON_BLOCKS = YES;
				GCC_OPTIMIZATION_LEVEL = 0;
				GCC_PREPROCESSOR_DEFINITIONS = (
					"DEBUG=1",
					"$(inherited)",
				);
				GCC_WARN_64_TO_32_BIT_CONVERSION = YES;
				GCC_WARN_ABOUT_RETURN_TYPE = YES_ERROR;
				GCC_WARN_UNDECLARED_SELECTOR = YES;
				GCC_WARN_UNINITIALIZED_AUTOS = YES_AGGRESSIVE;
				GCC_WARN_UNUSED_FUNCTION = YES;
				GCC_WARN_UNUSED_VARIABLE = YES;
				HEADER_SEARCH_PATHS = "";
				IPHONEOS_DEPLOYMENT_TARGET = 11.1;
				MTL_ENABLE_DEBUG_INFO = YES;
				ONLY_ACTIVE_ARCH = YES;
				SDKROOT = iphoneos;
			};
			name = Debug;
		};
		48B917911FBB8B86002CA6D9 /* Release */ = {
			isa = XCBuildConfiguration;
			buildSettings = {
				ALWAYS_SEARCH_USER_PATHS = NO;
				CLANG_ANALYZER_NONNULL = YES;
				CLANG_ANALYZER_NUMBER_OBJECT_CONVERSION = YES_AGGRESSIVE;
				CLANG_CXX_LANGUAGE_STANDARD = "gnu++14";
				CLANG_CXX_LIBRARY = "libc++";
				CLANG_ENABLE_MODULES = YES;
				CLANG_ENABLE_OBJC_ARC = YES;
				CLANG_WARN_BLOCK_CAPTURE_AUTORELEASING = YES;
				CLANG_WARN_BOOL_CONVERSION = YES;
				CLANG_WARN_COMMA = YES;
				CLANG_WARN_CONSTANT_CONVERSION = YES;
				CLANG_WARN_DIRECT_OBJC_ISA_USAGE = YES_ERROR;
				CLANG_WARN_DOCUMENTATION_COMMENTS = YES;
				CLANG_WARN_EMPTY_BODY = YES;
				CLANG_WARN_ENUM_CONVERSION = YES;
				CLANG_WARN_INFINITE_RECURSION = YES;
				CLANG_WARN_INT_CONVERSION = YES;
				CLANG_WARN_NON_LITERAL_NULL_CONVERSION = YES;
				CLANG_WARN_OBJC_LITERAL_CONVERSION = YES;
				CLANG_WARN_OBJC_ROOT_CLASS = YES_ERROR;
				CLANG_WARN_RANGE_LOOP_ANALYSIS = YES;
				CLANG_WARN_STRICT_PROTOTYPES = YES;
				CLANG_WARN_SUSPICIOUS_MOVE = YES;
				CLANG_WARN_UNGUARDED_AVAILABILITY = YES_AGGRESSIVE;
				CLANG_WARN_UNREACHABLE_CODE = YES;
				CLANG_WARN__DUPLICATE_METHOD_MATCH = YES;
				CODE_SIGN_IDENTITY = "iPhone Developer";
				COPY_PHASE_STRIP = NO;
				DEBUG_INFORMATION_FORMAT = "dwarf-with-dsym";
				ENABLE_NS_ASSERTIONS = NO;
				ENABLE_STRICT_OBJC_MSGSEND = YES;
				GCC_C_LANGUAGE_STANDARD = gnu11;
				GCC_NO_COMMON_BLOCKS = YES;
				GCC_WARN_64_TO_32_BIT_CONVERSION = YES;
				GCC_WARN_ABOUT_RETURN_TYPE = YES_ERROR;
				GCC_WARN_UNDECLARED_SELECTOR = YES;
				GCC_WARN_UNINITIALIZED_AUTOS = YES_AGGRESSIVE;
				GCC_WARN_UNUSED_FUNCTION = YES;
				GCC_WARN_UNUSED_VARIABLE = YES;
				HEADER_SEARCH_PATHS = "";
				IPHONEOS_DEPLOYMENT_TARGET = 11.1;
				MTL_ENABLE_DEBUG_INFO = NO;
				SDKROOT = iphoneos;
				VALIDATE_PRODUCT = YES;
			};
			name = Release;
		};
		48B917931FBB8B86002CA6D9 /* Debug */ = {
			isa = XCBuildConfiguration;
			buildSettings = {
				CODE_SIGN_STYLE = Automatic;
				DEVELOPMENT_TEAM = E964K44BWW;
				FRAMEWORK_SEARCH_PATHS = (
					"$(inherited)",
					"$(SRCROOT)/../../example/ios/Frameworks",
				);
				HEADER_SEARCH_PATHS = "";
				LD_RUNPATH_SEARCH_PATHS = "@executable_path/Frameworks";
				MACH_O_TYPE = staticlib;
				OTHER_LDFLAGS = "-ObjC";
				PRODUCT_NAME = "$(TARGET_NAME)";
				SKIP_INSTALL = YES;
				TARGETED_DEVICE_FAMILY = "1,2";
			};
			name = Debug;
		};
		48B917941FBB8B86002CA6D9 /* Release */ = {
			isa = XCBuildConfiguration;
			buildSettings = {
				CODE_SIGN_STYLE = Automatic;
				DEVELOPMENT_TEAM = E964K44BWW;
				FRAMEWORK_SEARCH_PATHS = (
					"$(inherited)",
					"$(SRCROOT)/../../example/ios/Frameworks",
				);
				HEADER_SEARCH_PATHS = "";
				LD_RUNPATH_SEARCH_PATHS = "@executable_path/Frameworks";
				MACH_O_TYPE = staticlib;
				OTHER_LDFLAGS = "-ObjC";
				PRODUCT_NAME = "$(TARGET_NAME)";
				SKIP_INSTALL = YES;
				TARGETED_DEVICE_FAMILY = "1,2";
			};
			name = Release;
		};
/* End XCBuildConfiguration section */

/* Begin XCConfigurationList section */
		48B917841FBB8B86002CA6D9 /* Build configuration list for PBXProject "RNR5VideoView" */ = {
			isa = XCConfigurationList;
			buildConfigurations = (
				48B917901FBB8B86002CA6D9 /* Debug */,
				48B917911FBB8B86002CA6D9 /* Release */,
			);
			defaultConfigurationIsVisible = 0;
			defaultConfigurationName = Release;
		};
		48B917921FBB8B86002CA6D9 /* Build configuration list for PBXNativeTarget "RNR5VideoView" */ = {
			isa = XCConfigurationList;
			buildConfigurations = (
				48B917931FBB8B86002CA6D9 /* Debug */,
				48B917941FBB8B86002CA6D9 /* Release */,
			);
			defaultConfigurationIsVisible = 0;
			defaultConfigurationName = Release;
		};
/* End XCConfigurationList section */
	};
	rootObject = 48B917811FBB8B86002CA6D9 /* Project object */;
}
