// !$*UTF8*$!
{
	archiveVersion = 1;
	classes = {
	};
	objectVersion = 48;
	objects = {

/* Begin PBXBuildFile section */
		483019FD21B567360053D52A /* R5StreamModule.m in Sources */ = {isa = PBXBuildFile; fileRef = 483019FC21B567360053D52A /* R5StreamModule.m */; };
		48301A0121B573300053D52A /* R5StreamItem.m in Sources */ = {isa = PBXBuildFile; fileRef = 48301A0021B573300053D52A /* R5StreamItem.m */; };
		48301A0321B579120053D52A /* R5StreamPublisher.m in Sources */ = {isa = PBXBuildFile; fileRef = 48301A0221B579120053D52A /* R5StreamPublisher.m */; };
		48301A7121B6CF910053D52A /* R5StreamSubscriber.m in Sources */ = {isa = PBXBuildFile; fileRef = 48301A7021B6CF910053D52A /* R5StreamSubscriber.m */; };
		4885C7B01FBDFA7400E77415 /* R5VideoView.m in Sources */ = {isa = PBXBuildFile; fileRef = 4885C7AF1FBDFA7400E77415 /* R5VideoView.m */; };
		4885C7B11FBDFA7400E77415 /* R5VideoView.h in CopyFiles */ = {isa = PBXBuildFile; fileRef = 4885C7AE1FBDFA7400E77415 /* R5VideoView.h */; };
		4885C7B91FBDFABD00E77415 /* R5VideoViewManager.m in Sources */ = {isa = PBXBuildFile; fileRef = 4885C7B71FBDFABD00E77415 /* R5VideoViewManager.m */; };
/* End PBXBuildFile section */

/* Begin PBXCopyFilesBuildPhase section */
		4885C7A91FBDFA7400E77415 /* CopyFiles */ = {
			isa = PBXCopyFilesBuildPhase;
			buildActionMask = 2147483647;
			dstPath = "include/$(PRODUCT_NAME)";
			dstSubfolderSpec = 16;
			files = (
				4885C7B11FBDFA7400E77415 /* R5VideoView.h in CopyFiles */,
			);
			runOnlyForDeploymentPostprocessing = 0;
		};
/* End PBXCopyFilesBuildPhase section */

/* Begin PBXFileReference section */
		483019FB21B566EF0053D52A /* R5StreamModule.h */ = {isa = PBXFileReference; lastKnownFileType = sourcecode.c.h; path = R5StreamModule.h; sourceTree = "<group>"; };
		483019FC21B567360053D52A /* R5StreamModule.m */ = {isa = PBXFileReference; lastKnownFileType = sourcecode.c.objc; path = R5StreamModule.m; sourceTree = "<group>"; };
		483019FE21B572430053D52A /* R5StreamInstance.h */ = {isa = PBXFileReference; lastKnownFileType = sourcecode.c.h; path = R5StreamInstance.h; sourceTree = "<group>"; };
		483019FF21B572EE0053D52A /* R5StreamItem.h */ = {isa = PBXFileReference; lastKnownFileType = sourcecode.c.h; path = R5StreamItem.h; sourceTree = "<group>"; };
		48301A0021B573300053D52A /* R5StreamItem.m */ = {isa = PBXFileReference; lastKnownFileType = sourcecode.c.objc; path = R5StreamItem.m; sourceTree = "<group>"; };
		48301A0221B579120053D52A /* R5StreamPublisher.m */ = {isa = PBXFileReference; lastKnownFileType = sourcecode.c.objc; path = R5StreamPublisher.m; sourceTree = "<group>"; };
		48301A0421B579BD0053D52A /* R5StreamPublisher.h */ = {isa = PBXFileReference; lastKnownFileType = sourcecode.c.h; path = R5StreamPublisher.h; sourceTree = "<group>"; };
		48301A6E21B6CC910053D52A /* R5LayoutEventEmitter.h */ = {isa = PBXFileReference; lastKnownFileType = sourcecode.c.h; path = R5LayoutEventEmitter.h; sourceTree = "<group>"; };
		48301A6F21B6CF520053D52A /* R5StreamSubscriber.h */ = {isa = PBXFileReference; lastKnownFileType = sourcecode.c.h; path = R5StreamSubscriber.h; sourceTree = "<group>"; };
		48301A7021B6CF910053D52A /* R5StreamSubscriber.m */ = {isa = PBXFileReference; lastKnownFileType = sourcecode.c.objc; path = R5StreamSubscriber.m; sourceTree = "<group>"; };
		4885C7AB1FBDFA7400E77415 /* libR5VideoView.a */ = {isa = PBXFileReference; explicitFileType = archive.ar; includeInIndex = 0; path = libR5VideoView.a; sourceTree = BUILT_PRODUCTS_DIR; };
		4885C7AE1FBDFA7400E77415 /* R5VideoView.h */ = {isa = PBXFileReference; lastKnownFileType = sourcecode.c.h; path = R5VideoView.h; sourceTree = "<group>"; };
		4885C7AF1FBDFA7400E77415 /* R5VideoView.m */ = {isa = PBXFileReference; lastKnownFileType = sourcecode.c.objc; path = R5VideoView.m; sourceTree = "<group>"; };
		4885C7B71FBDFABD00E77415 /* R5VideoViewManager.m */ = {isa = PBXFileReference; fileEncoding = 4; lastKnownFileType = sourcecode.c.objc; path = R5VideoViewManager.m; sourceTree = "<group>"; };
		4885C7B81FBDFABD00E77415 /* R5VideoViewManager.h */ = {isa = PBXFileReference; fileEncoding = 4; lastKnownFileType = sourcecode.c.h; path = R5VideoViewManager.h; sourceTree = "<group>"; };
		48B79AC920C5B77900AAE4E2 /* libReact.a */ = {isa = PBXFileReference; explicitFileType = archive.ar; path = libReact.a; sourceTree = BUILT_PRODUCTS_DIR; };
/* End PBXFileReference section */

/* Begin PBXFrameworksBuildPhase section */
		4885C7A81FBDFA7400E77415 /* Frameworks */ = {
			isa = PBXFrameworksBuildPhase;
			buildActionMask = 2147483647;
			files = (
			);
			runOnlyForDeploymentPostprocessing = 0;
		};
/* End PBXFrameworksBuildPhase section */

/* Begin PBXGroup section */
		4885C7A21FBDFA7400E77415 = {
			isa = PBXGroup;
			children = (
				4885C7AD1FBDFA7400E77415 /* R5VideoView */,
				4885C7AC1FBDFA7400E77415 /* Products */,
				48B79AC820C5B77900AAE4E2 /* Frameworks */,
			);
			sourceTree = "<group>";
		};
		4885C7AC1FBDFA7400E77415 /* Products */ = {
			isa = PBXGroup;
			children = (
				4885C7AB1FBDFA7400E77415 /* libR5VideoView.a */,
			);
			name = Products;
			sourceTree = "<group>";
		};
		4885C7AD1FBDFA7400E77415 /* R5VideoView */ = {
			isa = PBXGroup;
			children = (
				48301A6E21B6CC910053D52A /* R5LayoutEventEmitter.h */,
				4885C7B81FBDFABD00E77415 /* R5VideoViewManager.h */,
				4885C7B71FBDFABD00E77415 /* R5VideoViewManager.m */,
				4885C7AE1FBDFA7400E77415 /* R5VideoView.h */,
				4885C7AF1FBDFA7400E77415 /* R5VideoView.m */,
				483019FB21B566EF0053D52A /* R5StreamModule.h */,
				483019FC21B567360053D52A /* R5StreamModule.m */,
				483019FF21B572EE0053D52A /* R5StreamItem.h */,
				48301A0021B573300053D52A /* R5StreamItem.m */,
				483019FE21B572430053D52A /* R5StreamInstance.h */,
				48301A0421B579BD0053D52A /* R5StreamPublisher.h */,
				48301A0221B579120053D52A /* R5StreamPublisher.m */,
				48301A6F21B6CF520053D52A /* R5StreamSubscriber.h */,
				48301A7021B6CF910053D52A /* R5StreamSubscriber.m */,
			);
			path = R5VideoView;
			sourceTree = "<group>";
		};
		48B79AC820C5B77900AAE4E2 /* Frameworks */ = {
			isa = PBXGroup;
			children = (
				48B79AC920C5B77900AAE4E2 /* libReact.a */,
			);
			name = Frameworks;
			sourceTree = "<group>";
		};
/* End PBXGroup section */

/* Begin PBXNativeTarget section */
		4885C7AA1FBDFA7400E77415 /* R5VideoView */ = {
			isa = PBXNativeTarget;
			buildConfigurationList = 4885C7B41FBDFA7400E77415 /* Build configuration list for PBXNativeTarget "R5VideoView" */;
			buildPhases = (
				4885C7A71FBDFA7400E77415 /* Sources */,
				4885C7A81FBDFA7400E77415 /* Frameworks */,
				4885C7A91FBDFA7400E77415 /* CopyFiles */,
			);
			buildRules = (
			);
			dependencies = (
			);
			name = R5VideoView;
			productName = R5VideoView;
			productReference = 4885C7AB1FBDFA7400E77415 /* libR5VideoView.a */;
			productType = "com.apple.product-type.library.static";
		};
/* End PBXNativeTarget section */

/* Begin PBXProject section */
		4885C7A31FBDFA7400E77415 /* Project object */ = {
			isa = PBXProject;
			attributes = {
				LastUpgradeCheck = 0910;
				ORGANIZATIONNAME = Red5Pro;
				TargetAttributes = {
					4885C7AA1FBDFA7400E77415 = {
						CreatedOnToolsVersion = 9.1;
						ProvisioningStyle = Automatic;
					};
				};
			};
			buildConfigurationList = 4885C7A61FBDFA7400E77415 /* Build configuration list for PBXProject "R5VideoView" */;
			compatibilityVersion = "Xcode 8.0";
			developmentRegion = en;
			hasScannedForEncodings = 0;
			knownRegions = (
				en,
			);
			mainGroup = 4885C7A21FBDFA7400E77415;
			productRefGroup = 4885C7AC1FBDFA7400E77415 /* Products */;
			projectDirPath = "";
			projectRoot = "";
			targets = (
				4885C7AA1FBDFA7400E77415 /* R5VideoView */,
			);
		};
/* End PBXProject section */

/* Begin PBXSourcesBuildPhase section */
		4885C7A71FBDFA7400E77415 /* Sources */ = {
			isa = PBXSourcesBuildPhase;
			buildActionMask = 2147483647;
			files = (
				4885C7B01FBDFA7400E77415 /* R5VideoView.m in Sources */,
				4885C7B91FBDFABD00E77415 /* R5VideoViewManager.m in Sources */,
				48301A7121B6CF910053D52A /* R5StreamSubscriber.m in Sources */,
				48301A0321B579120053D52A /* R5StreamPublisher.m in Sources */,
				483019FD21B567360053D52A /* R5StreamModule.m in Sources */,
				48301A0121B573300053D52A /* R5StreamItem.m in Sources */,
			);
			runOnlyForDeploymentPostprocessing = 0;
		};
/* End PBXSourcesBuildPhase section */

/* Begin XCBuildConfiguration section */
		4885C7B21FBDFA7400E77415 /* Debug */ = {
			isa = XCBuildConfiguration;
			buildSettings = {
				ALWAYS_SEARCH_USER_PATHS = NO;
				CLANG_ANALYZER_NONNULL = YES;
				CLANG_ANALYZER_NUMBER_OBJECT_CONVERSION = YES_AGGRESSIVE;
				CLANG_CXX_LANGUAGE_STANDARD = "gnu++14";
				CLANG_CXX_LIBRARY = "libc++";
				CLANG_ENABLE_MODULES = YES;
				CLANG_ENABLE_OBJC_ARC = YES;
				CLANG_WARN_BLOCK_CAPTURE_AUTORELEASING = YES;
				CLANG_WARN_BOOL_CONVERSION = YES;
				CLANG_WARN_COMMA = YES;
				CLANG_WARN_CONSTANT_CONVERSION = YES;
				CLANG_WARN_DIRECT_OBJC_ISA_USAGE = YES_ERROR;
				CLANG_WARN_DOCUMENTATION_COMMENTS = YES;
				CLANG_WARN_EMPTY_BODY = YES;
				CLANG_WARN_ENUM_CONVERSION = YES;
				CLANG_WARN_INFINITE_RECURSION = YES;
				CLANG_WARN_INT_CONVERSION = YES;
				CLANG_WARN_NON_LITERAL_NULL_CONVERSION = YES;
				CLANG_WARN_OBJC_LITERAL_CONVERSION = YES;
				CLANG_WARN_OBJC_ROOT_CLASS = YES_ERROR;
				CLANG_WARN_RANGE_LOOP_ANALYSIS = YES;
				CLANG_WARN_STRICT_PROTOTYPES = YES;
				CLANG_WARN_SUSPICIOUS_MOVE = YES;
				CLANG_WARN_UNGUARDED_AVAILABILITY = YES_AGGRESSIVE;
				CLANG_WARN_UNREACHABLE_CODE = YES;
				CLANG_WARN__DUPLICATE_METHOD_MATCH = YES;
				CODE_SIGN_IDENTITY = "iPhone Developer";
				COPY_PHASE_STRIP = NO;
				DEBUG_INFORMATION_FORMAT = dwarf;
				ENABLE_STRICT_OBJC_MSGSEND = YES;
				ENABLE_TESTABILITY = YES;
				GCC_C_LANGUAGE_STANDARD = gnu11;
				GCC_DYNAMIC_NO_PIC = NO;
				GCC_NO_COMMON_BLOCKS = YES;
				GCC_OPTIMIZATION_LEVEL = 0;
				GCC_PREPROCESSOR_DEFINITIONS = (
					"DEBUG=1",
					"$(inherited)",
				);
				GCC_WARN_64_TO_32_BIT_CONVERSION = YES;
				GCC_WARN_ABOUT_RETURN_TYPE = YES_ERROR;
				GCC_WARN_UNDECLARED_SELECTOR = YES;
				GCC_WARN_UNINITIALIZED_AUTOS = YES_AGGRESSIVE;
				GCC_WARN_UNUSED_FUNCTION = YES;
				GCC_WARN_UNUSED_VARIABLE = YES;
				IPHONEOS_DEPLOYMENT_TARGET = 11.1;
				MTL_ENABLE_DEBUG_INFO = YES;
				ONLY_ACTIVE_ARCH = YES;
				SDKROOT = iphoneos;
			};
			name = Debug;
		};
		4885C7B31FBDFA7400E77415 /* Release */ = {
			isa = XCBuildConfiguration;
			buildSettings = {
				ALWAYS_SEARCH_USER_PATHS = NO;
				CLANG_ANALYZER_NONNULL = YES;
				CLANG_ANALYZER_NUMBER_OBJECT_CONVERSION = YES_AGGRESSIVE;
				CLANG_CXX_LANGUAGE_STANDARD = "gnu++14";
				CLANG_CXX_LIBRARY = "libc++";
				CLANG_ENABLE_MODULES = YES;
				CLANG_ENABLE_OBJC_ARC = YES;
				CLANG_WARN_BLOCK_CAPTURE_AUTORELEASING = YES;
				CLANG_WARN_BOOL_CONVERSION = YES;
				CLANG_WARN_COMMA = YES;
				CLANG_WARN_CONSTANT_CONVERSION = YES;
				CLANG_WARN_DIRECT_OBJC_ISA_USAGE = YES_ERROR;
				CLANG_WARN_DOCUMENTATION_COMMENTS = YES;
				CLANG_WARN_EMPTY_BODY = YES;
				CLANG_WARN_ENUM_CONVERSION = YES;
				CLANG_WARN_INFINITE_RECURSION = YES;
				CLANG_WARN_INT_CONVERSION = YES;
				CLANG_WARN_NON_LITERAL_NULL_CONVERSION = YES;
				CLANG_WARN_OBJC_LITERAL_CONVERSION = YES;
				CLANG_WARN_OBJC_ROOT_CLASS = YES_ERROR;
				CLANG_WARN_RANGE_LOOP_ANALYSIS = YES;
				CLANG_WARN_STRICT_PROTOTYPES = YES;
				CLANG_WARN_SUSPICIOUS_MOVE = YES;
				CLANG_WARN_UNGUARDED_AVAILABILITY = YES_AGGRESSIVE;
				CLANG_WARN_UNREACHABLE_CODE = YES;
				CLANG_WARN__DUPLICATE_METHOD_MATCH = YES;
				CODE_SIGN_IDENTITY = "iPhone Developer";
				COPY_PHASE_STRIP = NO;
				DEBUG_INFORMATION_FORMAT = "dwarf-with-dsym";
				ENABLE_NS_ASSERTIONS = NO;
				ENABLE_STRICT_OBJC_MSGSEND = YES;
				GCC_C_LANGUAGE_STANDARD = gnu11;
				GCC_NO_COMMON_BLOCKS = YES;
				GCC_WARN_64_TO_32_BIT_CONVERSION = YES;
				GCC_WARN_ABOUT_RETURN_TYPE = YES_ERROR;
				GCC_WARN_UNDECLARED_SELECTOR = YES;
				GCC_WARN_UNINITIALIZED_AUTOS = YES_AGGRESSIVE;
				GCC_WARN_UNUSED_FUNCTION = YES;
				GCC_WARN_UNUSED_VARIABLE = YES;
				IPHONEOS_DEPLOYMENT_TARGET = 11.1;
				MTL_ENABLE_DEBUG_INFO = NO;
				SDKROOT = iphoneos;
				VALIDATE_PRODUCT = YES;
			};
			name = Release;
		};
		4885C7B51FBDFA7400E77415 /* Debug */ = {
			isa = XCBuildConfiguration;
			buildSettings = {
				CODE_SIGN_STYLE = Automatic;
				DEVELOPMENT_TEAM = E964K44BWW;
				FRAMEWORK_SEARCH_PATHS = (
					"$(inherited)",
					"$(SRCROOT)/../../example/ios/Frameworks",
				);
				OTHER_LDFLAGS = "-ObjC";
				PRODUCT_NAME = "$(TARGET_NAME)";
				SKIP_INSTALL = YES;
				TARGETED_DEVICE_FAMILY = "1,2";
			};
			name = Debug;
		};
		4885C7B61FBDFA7400E77415 /* Release */ = {
			isa = XCBuildConfiguration;
			buildSettings = {
				CODE_SIGN_STYLE = Automatic;
				DEVELOPMENT_TEAM = E964K44BWW;
				FRAMEWORK_SEARCH_PATHS = (
					"$(inherited)",
					"$(SRCROOT)/../../example/ios/Frameworks",
				);
				OTHER_LDFLAGS = "-ObjC";
				PRODUCT_NAME = "$(TARGET_NAME)";
				SKIP_INSTALL = YES;
				TARGETED_DEVICE_FAMILY = "1,2";
			};
			name = Release;
		};
/* End XCBuildConfiguration section */

/* Begin XCConfigurationList section */
		4885C7A61FBDFA7400E77415 /* Build configuration list for PBXProject "R5VideoView" */ = {
			isa = XCConfigurationList;
			buildConfigurations = (
				4885C7B21FBDFA7400E77415 /* Debug */,
				4885C7B31FBDFA7400E77415 /* Release */,
			);
			defaultConfigurationIsVisible = 0;
			defaultConfigurationName = Release;
		};
		4885C7B41FBDFA7400E77415 /* Build configuration list for PBXNativeTarget "R5VideoView" */ = {
			isa = XCConfigurationList;
			buildConfigurations = (
				4885C7B51FBDFA7400E77415 /* Debug */,
				4885C7B61FBDFA7400E77415 /* Release */,
			);
			defaultConfigurationIsVisible = 0;
			defaultConfigurationName = Release;
		};
/* End XCConfigurationList section */
	};
	rootObject = 4885C7A31FBDFA7400E77415 /* Project object */;
}
